
Microsoft Visual Studio Solution File, Format Version 12.00
# Visual Studio Version 17
VisualStudioVersion = 17.8.34330.188
MinimumVisualStudioVersion = 10.0.40219.1
Project("{9A19103F-16F7-4668-BE54-9A1E7A4F7556}") = "Map A Milepost", "Map A Milepost\Map A Milepost.csproj", "{38CEE0B5-9BBA-4A6A-B811-51348231E75A}"
EndProject
Global
	GlobalSection(SolutionConfigurationPlatforms) = preSolution
		Debug|Any CPU = Debug|Any CPU
		Debug|x64 = Debug|x64
		Debug|x86 = Debug|x86
		Release|Any CPU = Release|Any CPU
		Release|x64 = Release|x64
		Release|x86 = Release|x86
	EndGlobalSection
	GlobalSection(ProjectConfigurationPlatforms) = postSolution
		{38CEE0B5-9BBA-4A6A-B811-51348231E75A}.Debug|Any CPU.ActiveCfg = Debug|Any CPU
		{38CEE0B5-9BBA-4A6A-B811-51348231E75A}.Debug|Any CPU.Build.0 = Debug|Any CPU
		{38CEE0B5-9BBA-4A6A-B811-51348231E75A}.Debug|x64.ActiveCfg = Debug|x64
		{38CEE0B5-9BBA-4A6A-B811-51348231E75A}.Debug|x64.Build.0 = Debug|x64
		{38CEE0B5-9BBA-4A6A-B811-51348231E75A}.Debug|x86.ActiveCfg = Debug|x86
		{38CEE0B5-9BBA-4A6A-B811-51348231E75A}.Debug|x86.Build.0 = Debug|x86
		{38CEE0B5-9BBA-4A6A-B811-51348231E75A}.Release|Any CPU.ActiveCfg = Release|Any CPU
		{38CEE0B5-9BBA-4A6A-B811-51348231E75A}.Release|Any CPU.Build.0 = Release|Any CPU
		{38CEE0B5-9BBA-4A6A-B811-51348231E75A}.Release|x64.ActiveCfg = Release|x64
		{38CEE0B5-9BBA-4A6A-B811-51348231E75A}.Release|x64.Build.0 = Release|x64
		{38CEE0B5-9BBA-4A6A-B811-51348231E75A}.Release|x86.ActiveCfg = Release|x86
		{38CEE0B5-9BBA-4A6A-B811-51348231E75A}.Release|x86.Build.0 = Release|x86
	EndGlobalSection
	GlobalSection(SolutionProperties) = preSolution
		HideSolutionNode = FALSE
	EndGlobalSection
	GlobalSection(ExtensibilityGlobals) = postSolution
		SolutionGuid = {2F48A7E0-E446-44C8-A326-DD2A24947C6D}
	EndGlobalSection
EndGlobal
